
Microsoft Visual Studio Solution File, Format Version 12.00
# Visual Studio Version 17
VisualStudioVersion = 17.9.34728.123
MinimumVisualStudioVersion = 10.0.40219.1
Project("{9A19103F-16F7-4668-BE54-9A1E7A4F7556}") = "SystemIdentity", "SystemIdentity\SystemIdentity.csproj", "{0F2EBC15-8F8C-4741-BB41-FD929B32A02F}"
EndProject
Project("{FAE04EC0-301F-11D3-BF4B-00C04F79EFBC}") = "SystemIdentity.Core", "SystemIdentity.Core\SystemIdentity.Core.csproj", "{F2942671-B82A-4164-9F75-81A2F338088F}"
EndProject
Project("{FAE04EC0-301F-11D3-BF4B-00C04F79EFBC}") = "SystemIdentity.Repository", "SystemIdentity.Repository\SystemIdentity.Repository.csproj", "{29828D13-0B73-4917-8632-C5F5DD08306C}"
EndProject
Project("{FAE04EC0-301F-11D3-BF4B-00C04F79EFBC}") = "SystemIdentity.Service", "SystemIdentity.Service\SystemIdentity.Service.csproj", "{0258700F-2E3F-4F9A-87E8-66D387C543E3}"
EndProject
Global
	GlobalSection(SolutionConfigurationPlatforms) = preSolution
		Debug|Any CPU = Debug|Any CPU
		Release|Any CPU = Release|Any CPU
	EndGlobalSection
	GlobalSection(ProjectConfigurationPlatforms) = postSolution
		{0F2EBC15-8F8C-4741-BB41-FD929B32A02F}.Debug|Any CPU.ActiveCfg = Debug|Any CPU
		{0F2EBC15-8F8C-4741-BB41-FD929B32A02F}.Debug|Any CPU.Build.0 = Debug|Any CPU
		{0F2EBC15-8F8C-4741-BB41-FD929B32A02F}.Release|Any CPU.ActiveCfg = Release|Any CPU
		{0F2EBC15-8F8C-4741-BB41-FD929B32A02F}.Release|Any CPU.Build.0 = Release|Any CPU
		{F2942671-B82A-4164-9F75-81A2F338088F}.Debug|Any CPU.ActiveCfg = Debug|Any CPU
		{F2942671-B82A-4164-9F75-81A2F338088F}.Debug|Any CPU.Build.0 = Debug|Any CPU
		{F2942671-B82A-4164-9F75-81A2F338088F}.Release|Any CPU.ActiveCfg = Release|Any CPU
		{F2942671-B82A-4164-9F75-81A2F338088F}.Release|Any CPU.Build.0 = Release|Any CPU
		{29828D13-0B73-4917-8632-C5F5DD08306C}.Debug|Any CPU.ActiveCfg = Debug|Any CPU
		{29828D13-0B73-4917-8632-C5F5DD08306C}.Debug|Any CPU.Build.0 = Debug|Any CPU
		{29828D13-0B73-4917-8632-C5F5DD08306C}.Release|Any CPU.ActiveCfg = Release|Any CPU
		{29828D13-0B73-4917-8632-C5F5DD08306C}.Release|Any CPU.Build.0 = Release|Any CPU
		{0258700F-2E3F-4F9A-87E8-66D387C543E3}.Debug|Any CPU.ActiveCfg = Debug|Any CPU
		{0258700F-2E3F-4F9A-87E8-66D387C543E3}.Debug|Any CPU.Build.0 = Debug|Any CPU
		{0258700F-2E3F-4F9A-87E8-66D387C543E3}.Release|Any CPU.ActiveCfg = Release|Any CPU
		{0258700F-2E3F-4F9A-87E8-66D387C543E3}.Release|Any CPU.Build.0 = Release|Any CPU
	EndGlobalSection
	GlobalSection(SolutionProperties) = preSolution
		HideSolutionNode = FALSE
	EndGlobalSection
	GlobalSection(ExtensibilityGlobals) = postSolution
		SolutionGuid = {500A1150-961B-4CBC-ACBF-C2C4A6D246AB}
	EndGlobalSection
EndGlobal
